
Microsoft Visual Studio Solution File, Format Version 12.00
# Visual Studio Version 17
VisualStudioVersion = 17.9.34902.65
MinimumVisualStudioVersion = 10.0.40219.1
Project("{FAE04EC0-301F-11D3-BF4B-00C04F79EFBC}") = "MauiApp3", "MauiApp3\MauiApp3.csproj", "{59FEB98B-F339-439E-BF82-552CC806C925}"
EndProject
Global
	GlobalSection(SolutionConfigurationPlatforms) = preSolution
		Debug|Any CPU = Debug|Any CPU
		Release|Any CPU = Release|Any CPU
	EndGlobalSection
	GlobalSection(ProjectConfigurationPlatforms) = postSolution
		{59FEB98B-F339-439E-BF82-552CC806C925}.Debug|Any CPU.ActiveCfg = Debug|Any CPU
		{59FEB98B-F339-439E-BF82-552CC806C925}.Debug|Any CPU.Build.0 = Debug|Any CPU
		{59FEB98B-F339-439E-BF82-552CC806C925}.Debug|Any CPU.Deploy.0 = Debug|Any CPU
		{59FEB98B-F339-439E-BF82-552CC806C925}.Release|Any CPU.ActiveCfg = Release|Any CPU
		{59FEB98B-F339-439E-BF82-552CC806C925}.Release|Any CPU.Build.0 = Release|Any CPU
		{59FEB98B-F339-439E-BF82-552CC806C925}.Release|Any CPU.Deploy.0 = Release|Any CPU
	EndGlobalSection
	GlobalSection(SolutionProperties) = preSolution
		HideSolutionNode = FALSE
	EndGlobalSection
	GlobalSection(ExtensibilityGlobals) = postSolution
		SolutionGuid = {715362AF-5D06-437A-AA03-6B3A32D78C8F}
	EndGlobalSection
EndGlobal
